
Microsoft Visual Studio Solution File, Format Version 12.00
# Visual Studio Version 16
VisualStudioVersion = 16.0.30503.244
MinimumVisualStudioVersion = 10.0.40219.1
Project("{FAE04EC0-301F-11D3-BF4B-00C04F79EFBC}") = "UseRegistryInWPF", "MyGitHubProject\UseRegistryInWPF.csproj", "{770883AA-402A-4E5A-81D7-0FFEE9B0D48B}"
EndProject
Global
	GlobalSection(SolutionConfigurationPlatforms) = preSolution
		Debug|Any CPU = Debug|Any CPU
		Release|Any CPU = Release|Any CPU
	EndGlobalSection
	GlobalSection(ProjectConfigurationPlatforms) = postSolution
		{770883AA-402A-4E5A-81D7-0FFEE9B0D48B}.Debug|Any CPU.ActiveCfg = Debug|Any CPU
		{770883AA-402A-4E5A-81D7-0FFEE9B0D48B}.Debug|Any CPU.Build.0 = Debug|Any CPU
		{770883AA-402A-4E5A-81D7-0FFEE9B0D48B}.Release|Any CPU.ActiveCfg = Release|Any CPU
		{770883AA-402A-4E5A-81D7-0FFEE9B0D48B}.Release|Any CPU.Build.0 = Release|Any CPU
	EndGlobalSection
	GlobalSection(SolutionProperties) = preSolution
		HideSolutionNode = FALSE
	EndGlobalSection
	GlobalSection(ExtensibilityGlobals) = postSolution
		SolutionGuid = {FA6CF722-20DC-4AA0-9E06-0F85DC686E38}
	EndGlobalSection
EndGlobal
